// !$*UTF8*$!
{
	archiveVersion = 1;
	classes = {
	};
	objectVersion = 77;
	objects = {

/* Begin PBXBuildFile section */
		CE11CB182C9FC50E00532293 /* SwiftData.framework in Frameworks */ = {isa = PBXBuildFile; fileRef = CE11CB142C9FB71600532293 /* SwiftData.framework */; };
		CE11CB192C9FC51800532293 /* SwiftData.framework in Frameworks */ = {isa = PBXBuildFile; fileRef = CE11CB162C9FB75000532293 /* SwiftData.framework */; };
		CE11CB1A2C9FC52400532293 /* SwiftData.framework in Frameworks */ = {isa = PBXBuildFile; fileRef = CE11CB162C9FB75000532293 /* SwiftData.framework */; };
		CEE8D1FC2CA1DE7500338740 /* FirebaseAnalytics in Frameworks */ = {isa = PBXBuildFile; productRef = CEE8D1FB2CA1DE7500338740 /* FirebaseAnalytics */; };
		CEE8D2002CA1E68E00338740 /* FirebaseAuth in Frameworks */ = {isa = PBXBuildFile; productRef = CEE8D1FF2CA1E68E00338740 /* FirebaseAuth */; };
		CEE8D2022CA1E68E00338740 /* FirebaseFirestore in Frameworks */ = {isa = PBXBuildFile; productRef = CEE8D2012CA1E68E00338740 /* FirebaseFirestore */; };
/* End PBXBuildFile section */

/* Begin PBXContainerItemProxy section */
		CE7F705B2C9CD7C800FA16DB /* PBXContainerItemProxy */ = {
			isa = PBXContainerItemProxy;
			containerPortal = CE7F70402C9CD7C600FA16DB /* Project object */;
			proxyType = 1;
			remoteGlobalIDString = CE7F70472C9CD7C600FA16DB;
			remoteInfo = SocialLinkup;
		};
		CE7F70652C9CD7C800FA16DB /* PBXContainerItemProxy */ = {
			isa = PBXContainerItemProxy;
			containerPortal = CE7F70402C9CD7C600FA16DB /* Project object */;
			proxyType = 1;
			remoteGlobalIDString = CE7F70472C9CD7C600FA16DB;
			remoteInfo = SocialLinkup;
		};
/* End PBXContainerItemProxy section */

/* Begin PBXFileReference section */
		CE11CB142C9FB71600532293 /* SwiftData.framework */ = {isa = PBXFileReference; lastKnownFileType = wrapper.framework; name = SwiftData.framework; path = System/Library/Frameworks/SwiftData.framework; sourceTree = SDKROOT; };
		CE11CB162C9FB75000532293 /* SwiftData.framework */ = {isa = PBXFileReference; lastKnownFileType = wrapper.framework; name = SwiftData.framework; path = Platforms/MacOSX.platform/Developer/SDKs/MacOSX15.1.sdk/System/Library/Frameworks/SwiftData.framework; sourceTree = DEVELOPER_DIR; };
		CE7F70482C9CD7C600FA16DB /* SocialLinkup.app */ = {isa = PBXFileReference; explicitFileType = wrapper.application; includeInIndex = 0; path = SocialLinkup.app; sourceTree = BUILT_PRODUCTS_DIR; };
		CE7F705A2C9CD7C800FA16DB /* SocialLinkupTests.xctest */ = {isa = PBXFileReference; explicitFileType = wrapper.cfbundle; includeInIndex = 0; path = SocialLinkupTests.xctest; sourceTree = BUILT_PRODUCTS_DIR; };
		CE7F70642C9CD7C800FA16DB /* SocialLinkupUITests.xctest */ = {isa = PBXFileReference; explicitFileType = wrapper.cfbundle; includeInIndex = 0; path = SocialLinkupUITests.xctest; sourceTree = BUILT_PRODUCTS_DIR; };
/* End PBXFileReference section */

/* Begin PBXFileSystemSynchronizedBuildFileExceptionSet section */
		CE3BFE262C9D117900ECC6A0 /* Exceptions for "SocialLinkup" folder in "SocialLinkup" target */ = {
			isa = PBXFileSystemSynchronizedBuildFileExceptionSet;
			membershipExceptions = (
				Info.plist,
			);
			target = CE7F70472C9CD7C600FA16DB /* SocialLinkup */;
		};
/* End PBXFileSystemSynchronizedBuildFileExceptionSet section */

/* Begin PBXFileSystemSynchronizedRootGroup section */
		CE7F704A2C9CD7C600FA16DB /* SocialLinkup */ = {
			isa = PBXFileSystemSynchronizedRootGroup;
			exceptions = (
				CE3BFE262C9D117900ECC6A0 /* Exceptions for "SocialLinkup" folder in "SocialLinkup" target */,
			);
			path = SocialLinkup;
			sourceTree = "<group>";
		};
		CE7F705D2C9CD7C800FA16DB /* SocialLinkupTests */ = {
			isa = PBXFileSystemSynchronizedRootGroup;
			path = SocialLinkupTests;
			sourceTree = "<group>";
		};
		CE7F70672C9CD7C800FA16DB /* SocialLinkupUITests */ = {
			isa = PBXFileSystemSynchronizedRootGroup;
			path = SocialLinkupUITests;
			sourceTree = "<group>";
		};
/* End PBXFileSystemSynchronizedRootGroup section */

/* Begin PBXFrameworksBuildPhase section */
		CE7F70452C9CD7C600FA16DB /* Frameworks */ = {
			isa = PBXFrameworksBuildPhase;
			buildActionMask = 2147483647;
			files = (
				CEE8D1FC2CA1DE7500338740 /* FirebaseAnalytics in Frameworks */,
				CEE8D2022CA1E68E00338740 /* FirebaseFirestore in Frameworks */,
				CEE8D2002CA1E68E00338740 /* FirebaseAuth in Frameworks */,
				CE11CB182C9FC50E00532293 /* SwiftData.framework in Frameworks */,
			);
			runOnlyForDeploymentPostprocessing = 0;
		};
		CE7F70572C9CD7C800FA16DB /* Frameworks */ = {
			isa = PBXFrameworksBuildPhase;
			buildActionMask = 2147483647;
			files = (
				CE11CB192C9FC51800532293 /* SwiftData.framework in Frameworks */,
			);
			runOnlyForDeploymentPostprocessing = 0;
		};
		CE7F70612C9CD7C800FA16DB /* Frameworks */ = {
			isa = PBXFrameworksBuildPhase;
			buildActionMask = 2147483647;
			files = (
				CE11CB1A2C9FC52400532293 /* SwiftData.framework in Frameworks */,
			);
			runOnlyForDeploymentPostprocessing = 0;
		};
/* End PBXFrameworksBuildPhase section */

/* Begin PBXGroup section */
		CE11CB132C9FB71600532293 /* Frameworks */ = {
			isa = PBXGroup;
			children = (
				CE11CB162C9FB75000532293 /* SwiftData.framework */,
				CE11CB142C9FB71600532293 /* SwiftData.framework */,
			);
			name = Frameworks;
			sourceTree = "<group>";
		};
		CE7F703F2C9CD7C600FA16DB = {
			isa = PBXGroup;
			children = (
				CE7F704A2C9CD7C600FA16DB /* SocialLinkup */,
				CE7F705D2C9CD7C800FA16DB /* SocialLinkupTests */,
				CE7F70672C9CD7C800FA16DB /* SocialLinkupUITests */,
				CE11CB132C9FB71600532293 /* Frameworks */,
				CE7F70492C9CD7C600FA16DB /* Products */,
			);
			sourceTree = "<group>";
		};
		CE7F70492C9CD7C600FA16DB /* Products */ = {
			isa = PBXGroup;
			children = (
				CE7F70482C9CD7C600FA16DB /* SocialLinkup.app */,
				CE7F705A2C9CD7C800FA16DB /* SocialLinkupTests.xctest */,
				CE7F70642C9CD7C800FA16DB /* SocialLinkupUITests.xctest */,
			);
			name = Products;
			sourceTree = "<group>";
		};
/* End PBXGroup section */

/* Begin PBXNativeTarget section */
		CE7F70472C9CD7C600FA16DB /* SocialLinkup */ = {
			isa = PBXNativeTarget;
			buildConfigurationList = CE7F706E2C9CD7C800FA16DB /* Build configuration list for PBXNativeTarget "SocialLinkup" */;
			buildPhases = (
				CE7F70442C9CD7C600FA16DB /* Sources */,
				CE7F70452C9CD7C600FA16DB /* Frameworks */,
				CE7F70462C9CD7C600FA16DB /* Resources */,
			);
			buildRules = (
			);
			dependencies = (
			);
			fileSystemSynchronizedGroups = (
				CE7F704A2C9CD7C600FA16DB /* SocialLinkup */,
			);
			name = SocialLinkup;
			packageProductDependencies = (
				CEE8D1FB2CA1DE7500338740 /* FirebaseAnalytics */,
				CEE8D1FF2CA1E68E00338740 /* FirebaseAuth */,
				CEE8D2012CA1E68E00338740 /* FirebaseFirestore */,
			);
			productName = SocialLinkup;
			productReference = CE7F70482C9CD7C600FA16DB /* SocialLinkup.app */;
			productType = "com.apple.product-type.application";
		};
		CE7F70592C9CD7C800FA16DB /* SocialLinkupTests */ = {
			isa = PBXNativeTarget;
			buildConfigurationList = CE7F70712C9CD7C800FA16DB /* Build configuration list for PBXNativeTarget "SocialLinkupTests" */;
			buildPhases = (
				CE7F70562C9CD7C800FA16DB /* Sources */,
				CE7F70572C9CD7C800FA16DB /* Frameworks */,
				CE7F70582C9CD7C800FA16DB /* Resources */,
			);
			buildRules = (
			);
			dependencies = (
				CE7F705C2C9CD7C800FA16DB /* PBXTargetDependency */,
			);
			fileSystemSynchronizedGroups = (
				CE7F705D2C9CD7C800FA16DB /* SocialLinkupTests */,
			);
			name = SocialLinkupTests;
			packageProductDependencies = (
			);
			productName = SocialLinkupTests;
			productReference = CE7F705A2C9CD7C800FA16DB /* SocialLinkupTests.xctest */;
			productType = "com.apple.product-type.bundle.unit-test";
		};
		CE7F70632C9CD7C800FA16DB /* SocialLinkupUITests */ = {
			isa = PBXNativeTarget;
			buildConfigurationList = CE7F70742C9CD7C800FA16DB /* Build configuration list for PBXNativeTarget "SocialLinkupUITests" */;
			buildPhases = (
				CE7F70602C9CD7C800FA16DB /* Sources */,
				CE7F70612C9CD7C800FA16DB /* Frameworks */,
				CE7F70622C9CD7C800FA16DB /* Resources */,
			);
			buildRules = (
			);
			dependencies = (
				CE7F70662C9CD7C800FA16DB /* PBXTargetDependency */,
			);
			fileSystemSynchronizedGroups = (
				CE7F70672C9CD7C800FA16DB /* SocialLinkupUITests */,
			);
			name = SocialLinkupUITests;
			packageProductDependencies = (
			);
			productName = SocialLinkupUITests;
			productReference = CE7F70642C9CD7C800FA16DB /* SocialLinkupUITests.xctest */;
			productType = "com.apple.product-type.bundle.ui-testing";
		};
/* End PBXNativeTarget section */

/* Begin PBXProject section */
		CE7F70402C9CD7C600FA16DB /* Project object */ = {
			isa = PBXProject;
			attributes = {
				BuildIndependentTargetsInParallel = 1;
				LastSwiftUpdateCheck = 1610;
				LastUpgradeCheck = 1610;
				TargetAttributes = {
					CE7F70472C9CD7C600FA16DB = {
						CreatedOnToolsVersion = 16.1;
					};
					CE7F70592C9CD7C800FA16DB = {
						CreatedOnToolsVersion = 16.1;
						TestTargetID = CE7F70472C9CD7C600FA16DB;
					};
					CE7F70632C9CD7C800FA16DB = {
						CreatedOnToolsVersion = 16.1;
						TestTargetID = CE7F70472C9CD7C600FA16DB;
					};
				};
			};
			buildConfigurationList = CE7F70432C9CD7C600FA16DB /* Build configuration list for PBXProject "SocialLinkup" */;
			developmentRegion = en;
			hasScannedForEncodings = 0;
			knownRegions = (
				en,
				Base,
			);
			mainGroup = CE7F703F2C9CD7C600FA16DB;
			minimizedProjectReferenceProxies = 1;
			packageReferences = (
				CEE8D1FA2CA1DE7500338740 /* XCRemoteSwiftPackageReference "firebase-ios-sdk" */,
			);
			preferredProjectObjectVersion = 77;
			productRefGroup = CE7F70492C9CD7C600FA16DB /* Products */;
			projectDirPath = "";
			projectRoot = "";
			targets = (
				CE7F70472C9CD7C600FA16DB /* SocialLinkup */,
				CE7F70592C9CD7C800FA16DB /* SocialLinkupTests */,
				CE7F70632C9CD7C800FA16DB /* SocialLinkupUITests */,
			);
		};
/* End PBXProject section */

/* Begin PBXResourcesBuildPhase section */
		CE7F70462C9CD7C600FA16DB /* Resources */ = {
			isa = PBXResourcesBuildPhase;
			buildActionMask = 2147483647;
			files = (
			);
			runOnlyForDeploymentPostprocessing = 0;
		};
		CE7F70582C9CD7C800FA16DB /* Resources */ = {
			isa = PBXResourcesBuildPhase;
			buildActionMask = 2147483647;
			files = (
			);
			runOnlyForDeploymentPostprocessing = 0;
		};
		CE7F70622C9CD7C800FA16DB /* Resources */ = {
			isa = PBXResourcesBuildPhase;
			buildActionMask = 2147483647;
			files = (
			);
			runOnlyForDeploymentPostprocessing = 0;
		};
/* End PBXResourcesBuildPhase section */

/* Begin PBXSourcesBuildPhase section */
		CE7F70442C9CD7C600FA16DB /* Sources */ = {
			isa = PBXSourcesBuildPhase;
			buildActionMask = 2147483647;
			files = (
			);
			runOnlyForDeploymentPostprocessing = 0;
		};
		CE7F70562C9CD7C800FA16DB /* Sources */ = {
			isa = PBXSourcesBuildPhase;
			buildActionMask = 2147483647;
			files = (
			);
			runOnlyForDeploymentPostprocessing = 0;
		};
		CE7F70602C9CD7C800FA16DB /* Sources */ = {
			isa = PBXSourcesBuildPhase;
			buildActionMask = 2147483647;
			files = (
			);
			runOnlyForDeploymentPostprocessing = 0;
		};
/* End PBXSourcesBuildPhase section */

/* Begin PBXTargetDependency section */
		CE7F705C2C9CD7C800FA16DB /* PBXTargetDependency */ = {
			isa = PBXTargetDependency;
			target = CE7F70472C9CD7C600FA16DB /* SocialLinkup */;
			targetProxy = CE7F705B2C9CD7C800FA16DB /* PBXContainerItemProxy */;
		};
		CE7F70662C9CD7C800FA16DB /* PBXTargetDependency */ = {
			isa = PBXTargetDependency;
			target = CE7F70472C9CD7C600FA16DB /* SocialLinkup */;
			targetProxy = CE7F70652C9CD7C800FA16DB /* PBXContainerItemProxy */;
		};
/* End PBXTargetDependency section */

/* Begin XCBuildConfiguration section */
		CE7F706C2C9CD7C800FA16DB /* Debug */ = {
			isa = XCBuildConfiguration;
			buildSettings = {
				ALWAYS_SEARCH_USER_PATHS = NO;
				ASSETCATALOG_COMPILER_GENERATE_SWIFT_ASSET_SYMBOL_EXTENSIONS = YES;
				CLANG_ANALYZER_NONNULL = YES;
				CLANG_ANALYZER_NUMBER_OBJECT_CONVERSION = YES_AGGRESSIVE;
				CLANG_CXX_LANGUAGE_STANDARD = "gnu++20";
				CLANG_ENABLE_MODULES = YES;
				CLANG_ENABLE_OBJC_ARC = YES;
				CLANG_ENABLE_OBJC_WEAK = YES;
				CLANG_WARN_BLOCK_CAPTURE_AUTORELEASING = YES;
				CLANG_WARN_BOOL_CONVERSION = YES;
				CLANG_WARN_COMMA = YES;
				CLANG_WARN_CONSTANT_CONVERSION = YES;
				CLANG_WARN_DEPRECATED_OBJC_IMPLEMENTATIONS = YES;
				CLANG_WARN_DIRECT_OBJC_ISA_USAGE = YES_ERROR;
				CLANG_WARN_DOCUMENTATION_COMMENTS = YES;
				CLANG_WARN_EMPTY_BODY = YES;
				CLANG_WARN_ENUM_CONVERSION = YES;
				CLANG_WARN_INFINITE_RECURSION = YES;
				CLANG_WARN_INT_CONVERSION = YES;
				CLANG_WARN_NON_LITERAL_NULL_CONVERSION = YES;
				CLANG_WARN_OBJC_IMPLICIT_RETAIN_SELF = YES;
				CLANG_WARN_OBJC_LITERAL_CONVERSION = YES;
				CLANG_WARN_OBJC_ROOT_CLASS = YES_ERROR;
				CLANG_WARN_QUOTED_INCLUDE_IN_FRAMEWORK_HEADER = YES;
				CLANG_WARN_RANGE_LOOP_ANALYSIS = YES;
				CLANG_WARN_STRICT_PROTOTYPES = YES;
				CLANG_WARN_SUSPICIOUS_MOVE = YES;
				CLANG_WARN_UNGUARDED_AVAILABILITY = YES_AGGRESSIVE;
				CLANG_WARN_UNREACHABLE_CODE = YES;
				CLANG_WARN__DUPLICATE_METHOD_MATCH = YES;
				COPY_PHASE_STRIP = NO;
				DEBUG_INFORMATION_FORMAT = dwarf;
				ENABLE_STRICT_OBJC_MSGSEND = YES;
				ENABLE_TESTABILITY = YES;
				ENABLE_USER_SCRIPT_SANDBOXING = YES;
				GCC_C_LANGUAGE_STANDARD = gnu17;
				GCC_DYNAMIC_NO_PIC = NO;
				GCC_NO_COMMON_BLOCKS = YES;
				GCC_OPTIMIZATION_LEVEL = 0;
				GCC_PREPROCESSOR_DEFINITIONS = (
					"DEBUG=1",
					"$(inherited)",
				);
				GCC_WARN_64_TO_32_BIT_CONVERSION = YES;
				GCC_WARN_ABOUT_RETURN_TYPE = YES_ERROR;
				GCC_WARN_UNDECLARED_SELECTOR = YES;
				GCC_WARN_UNINITIALIZED_AUTOS = YES_AGGRESSIVE;
				GCC_WARN_UNUSED_FUNCTION = YES;
				GCC_WARN_UNUSED_VARIABLE = YES;
				IPHONEOS_DEPLOYMENT_TARGET = 18.1;
				LOCALIZATION_PREFERS_STRING_CATALOGS = YES;
				MTL_ENABLE_DEBUG_INFO = INCLUDE_SOURCE;
				MTL_FAST_MATH = YES;
				ONLY_ACTIVE_ARCH = YES;
				SDKROOT = iphoneos;
				SWIFT_ACTIVE_COMPILATION_CONDITIONS = "DEBUG $(inherited)";
				SWIFT_OPTIMIZATION_LEVEL = "-Onone";
			};
			name = Debug;
		};
		CE7F706D2C9CD7C800FA16DB /* Release */ = {
			isa = XCBuildConfiguration;
			buildSettings = {
				ALWAYS_SEARCH_USER_PATHS = NO;
				ASSETCATALOG_COMPILER_GENERATE_SWIFT_ASSET_SYMBOL_EXTENSIONS = YES;
				CLANG_ANALYZER_NONNULL = YES;
				CLANG_ANALYZER_NUMBER_OBJECT_CONVERSION = YES_AGGRESSIVE;
				CLANG_CXX_LANGUAGE_STANDARD = "gnu++20";
				CLANG_ENABLE_MODULES = YES;
				CLANG_ENABLE_OBJC_ARC = YES;
				CLANG_ENABLE_OBJC_WEAK = YES;
				CLANG_WARN_BLOCK_CAPTURE_AUTORELEASING = YES;
				CLANG_WARN_BOOL_CONVERSION = YES;
				CLANG_WARN_COMMA = YES;
				CLANG_WARN_CONSTANT_CONVERSION = YES;
				CLANG_WARN_DEPRECATED_OBJC_IMPLEMENTATIONS = YES;
				CLANG_WARN_DIRECT_OBJC_ISA_USAGE = YES_ERROR;
				CLANG_WARN_DOCUMENTATION_COMMENTS = YES;
				CLANG_WARN_EMPTY_BODY = YES;
				CLANG_WARN_ENUM_CONVERSION = YES;
				CLANG_WARN_INFINITE_RECURSION = YES;
				CLANG_WARN_INT_CONVERSION = YES;
				CLANG_WARN_NON_LITERAL_NULL_CONVERSION = YES;
				CLANG_WARN_OBJC_IMPLICIT_RETAIN_SELF = YES;
				CLANG_WARN_OBJC_LITERAL_CONVERSION = YES;
				CLANG_WARN_OBJC_ROOT_CLASS = YES_ERROR;
				CLANG_WARN_QUOTED_INCLUDE_IN_FRAMEWORK_HEADER = YES;
				CLANG_WARN_RANGE_LOOP_ANALYSIS = YES;
				CLANG_WARN_STRICT_PROTOTYPES = YES;
				CLANG_WARN_SUSPICIOUS_MOVE = YES;
				CLANG_WARN_UNGUARDED_AVAILABILITY = YES_AGGRESSIVE;
				CLANG_WARN_UNREACHABLE_CODE = YES;
				CLANG_WARN__DUPLICATE_METHOD_MATCH = YES;
				COPY_PHASE_STRIP = NO;
				DEBUG_INFORMATION_FORMAT = "dwarf-with-dsym";
				ENABLE_NS_ASSERTIONS = NO;
				ENABLE_STRICT_OBJC_MSGSEND = YES;
				ENABLE_USER_SCRIPT_SANDBOXING = YES;
				GCC_C_LANGUAGE_STANDARD = gnu17;
				GCC_NO_COMMON_BLOCKS = YES;
				GCC_WARN_64_TO_32_BIT_CONVERSION = YES;
				GCC_WARN_ABOUT_RETURN_TYPE = YES_ERROR;
				GCC_WARN_UNDECLARED_SELECTOR = YES;
				GCC_WARN_UNINITIALIZED_AUTOS = YES_AGGRESSIVE;
				GCC_WARN_UNUSED_FUNCTION = YES;
				GCC_WARN_UNUSED_VARIABLE = YES;
				IPHONEOS_DEPLOYMENT_TARGET = 18.1;
				LOCALIZATION_PREFERS_STRING_CATALOGS = YES;
				MTL_ENABLE_DEBUG_INFO = NO;
				MTL_FAST_MATH = YES;
				SDKROOT = iphoneos;
				SWIFT_COMPILATION_MODE = wholemodule;
				VALIDATE_PRODUCT = YES;
			};
			name = Release;
		};
		CE7F706F2C9CD7C800FA16DB /* Debug */ = {
			isa = XCBuildConfiguration;
			buildSettings = {
				ASSETCATALOG_COMPILER_APPICON_NAME = AppIcon;
				ASSETCATALOG_COMPILER_GLOBAL_ACCENT_COLOR_NAME = AccentColor;
				CODE_SIGN_STYLE = Automatic;
				CURRENT_PROJECT_VERSION = 1;
				DEVELOPMENT_ASSET_PATHS = "\"SocialLinkup/Preview Content\"";
				DEVELOPMENT_TEAM = XFG5L8LD8A;
				ENABLE_PREVIEWS = YES;
				GENERATE_INFOPLIST_FILE = YES;
				INFOPLIST_FILE = SocialLinkup/Info.plist;
				INFOPLIST_KEY_UIApplicationSceneManifest_Generation = YES;
				INFOPLIST_KEY_UIApplicationSupportsIndirectInputEvents = YES;
				INFOPLIST_KEY_UILaunchScreen_Generation = YES;
				INFOPLIST_KEY_UISupportedInterfaceOrientations_iPad = "UIInterfaceOrientationPortrait UIInterfaceOrientationPortraitUpsideDown UIInterfaceOrientationLandscapeLeft UIInterfaceOrientationLandscapeRight";
				INFOPLIST_KEY_UISupportedInterfaceOrientations_iPhone = "UIInterfaceOrientationPortrait UIInterfaceOrientationLandscapeLeft UIInterfaceOrientationLandscapeRight";
				IPHONEOS_DEPLOYMENT_TARGET = 18.0;
				LD_RUNPATH_SEARCH_PATHS = (
					"$(inherited)",
					"@executable_path/Frameworks",
				);
				MARKETING_VERSION = 1.0;
				PRODUCT_BUNDLE_IDENTIFIER = com.taevonlewis.SocialLinkup;
				PRODUCT_NAME = "$(TARGET_NAME)";
				SWIFT_EMIT_LOC_STRINGS = YES;
				SWIFT_VERSION = 5.0;
				TARGETED_DEVICE_FAMILY = "1,2";
			};
			name = Debug;
		};
		CE7F70702C9CD7C800FA16DB /* Release */ = {
			isa = XCBuildConfiguration;
			buildSettings = {
				ASSETCATALOG_COMPILER_APPICON_NAME = AppIcon;
				ASSETCATALOG_COMPILER_GLOBAL_ACCENT_COLOR_NAME = AccentColor;
				CODE_SIGN_STYLE = Automatic;
				CURRENT_PROJECT_VERSION = 1;
				DEVELOPMENT_ASSET_PATHS = "\"SocialLinkup/Preview Content\"";
				DEVELOPMENT_TEAM = XFG5L8LD8A;
				ENABLE_PREVIEWS = YES;
				GENERATE_INFOPLIST_FILE = YES;
				INFOPLIST_FILE = SocialLinkup/Info.plist;
				INFOPLIST_KEY_UIApplicationSceneManifest_Generation = YES;
				INFOPLIST_KEY_UIApplicationSupportsIndirectInputEvents = YES;
				INFOPLIST_KEY_UILaunchScreen_Generation = YES;
				INFOPLIST_KEY_UISupportedInterfaceOrientations_iPad = "UIInterfaceOrientationPortrait UIInterfaceOrientationPortraitUpsideDown UIInterfaceOrientationLandscapeLeft UIInterfaceOrientationLandscapeRight";
				INFOPLIST_KEY_UISupportedInterfaceOrientations_iPhone = "UIInterfaceOrientationPortrait UIInterfaceOrientationLandscapeLeft UIInterfaceOrientationLandscapeRight";
				IPHONEOS_DEPLOYMENT_TARGET = 18.0;
				LD_RUNPATH_SEARCH_PATHS = (
					"$(inherited)",
					"@executable_path/Frameworks",
				);
				MARKETING_VERSION = 1.0;
				PRODUCT_BUNDLE_IDENTIFIER = com.taevonlewis.SocialLinkup;
				PRODUCT_NAME = "$(TARGET_NAME)";
				SWIFT_EMIT_LOC_STRINGS = YES;
				SWIFT_VERSION = 5.0;
				TARGETED_DEVICE_FAMILY = "1,2";
			};
			name = Release;
		};
		CE7F70722C9CD7C800FA16DB /* Debug */ = {
			isa = XCBuildConfiguration;
			buildSettings = {
				BUNDLE_LOADER = "$(TEST_HOST)";
				CODE_SIGN_STYLE = Automatic;
				CURRENT_PROJECT_VERSION = 1;
				DEVELOPMENT_TEAM = XFG5L8LD8A;
				GENERATE_INFOPLIST_FILE = YES;
				IPHONEOS_DEPLOYMENT_TARGET = 18.1;
				MARKETING_VERSION = 1.0;
				PRODUCT_BUNDLE_IDENTIFIER = taevonlewis.SocialLinkupTests;
				PRODUCT_NAME = "$(TARGET_NAME)";
				SWIFT_EMIT_LOC_STRINGS = NO;
				SWIFT_VERSION = 5.0;
				TARGETED_DEVICE_FAMILY = "1,2";
				TEST_HOST = "$(BUILT_PRODUCTS_DIR)/SocialLinkup.app/$(BUNDLE_EXECUTABLE_FOLDER_PATH)/SocialLinkup";
			};
			name = Debug;
		};
		CE7F70732C9CD7C800FA16DB /* Release */ = {
			isa = XCBuildConfiguration;
			buildSettings = {
				BUNDLE_LOADER = "$(TEST_HOST)";
				CODE_SIGN_STYLE = Automatic;
				CURRENT_PROJECT_VERSION = 1;
				DEVELOPMENT_TEAM = XFG5L8LD8A;
				GENERATE_INFOPLIST_FILE = YES;
				IPHONEOS_DEPLOYMENT_TARGET = 18.1;
				MARKETING_VERSION = 1.0;
				PRODUCT_BUNDLE_IDENTIFIER = taevonlewis.SocialLinkupTests;
				PRODUCT_NAME = "$(TARGET_NAME)";
				SWIFT_EMIT_LOC_STRINGS = NO;
				SWIFT_VERSION = 5.0;
				TARGETED_DEVICE_FAMILY = "1,2";
				TEST_HOST = "$(BUILT_PRODUCTS_DIR)/SocialLinkup.app/$(BUNDLE_EXECUTABLE_FOLDER_PATH)/SocialLinkup";
			};
			name = Release;
		};
		CE7F70752C9CD7C800FA16DB /* Debug */ = {
			isa = XCBuildConfiguration;
			buildSettings = {
				CODE_SIGN_STYLE = Automatic;
				CURRENT_PROJECT_VERSION = 1;
				DEVELOPMENT_TEAM = XFG5L8LD8A;
				GENERATE_INFOPLIST_FILE = YES;
				MARKETING_VERSION = 1.0;
				PRODUCT_BUNDLE_IDENTIFIER = taevonlewis.SocialLinkupUITests;
				PRODUCT_NAME = "$(TARGET_NAME)";
				SWIFT_EMIT_LOC_STRINGS = NO;
				SWIFT_VERSION = 5.0;
				TARGETED_DEVICE_FAMILY = "1,2";
				TEST_TARGET_NAME = SocialLinkup;
			};
			name = Debug;
		};
		CE7F70762C9CD7C800FA16DB /* Release */ = {
			isa = XCBuildConfiguration;
			buildSettings = {
				CODE_SIGN_STYLE = Automatic;
				CURRENT_PROJECT_VERSION = 1;
				DEVELOPMENT_TEAM = XFG5L8LD8A;
				GENERATE_INFOPLIST_FILE = YES;
				MARKETING_VERSION = 1.0;
				PRODUCT_BUNDLE_IDENTIFIER = taevonlewis.SocialLinkupUITests;
				PRODUCT_NAME = "$(TARGET_NAME)";
				SWIFT_EMIT_LOC_STRINGS = NO;
				SWIFT_VERSION = 5.0;
				TARGETED_DEVICE_FAMILY = "1,2";
				TEST_TARGET_NAME = SocialLinkup;
			};
			name = Release;
		};
/* End XCBuildConfiguration section */

/* Begin XCConfigurationList section */
		CE7F70432C9CD7C600FA16DB /* Build configuration list for PBXProject "SocialLinkup" */ = {
			isa = XCConfigurationList;
			buildConfigurations = (
				CE7F706C2C9CD7C800FA16DB /* Debug */,
				CE7F706D2C9CD7C800FA16DB /* Release */,
			);
			defaultConfigurationIsVisible = 0;
			defaultConfigurationName = Release;
		};
		CE7F706E2C9CD7C800FA16DB /* Build configuration list for PBXNativeTarget "SocialLinkup" */ = {
			isa = XCConfigurationList;
			buildConfigurations = (
				CE7F706F2C9CD7C800FA16DB /* Debug */,
				CE7F70702C9CD7C800FA16DB /* Release */,
			);
			defaultConfigurationIsVisible = 0;
			defaultConfigurationName = Release;
		};
		CE7F70712C9CD7C800FA16DB /* Build configuration list for PBXNativeTarget "SocialLinkupTests" */ = {
			isa = XCConfigurationList;
			buildConfigurations = (
				CE7F70722C9CD7C800FA16DB /* Debug */,
				CE7F70732C9CD7C800FA16DB /* Release */,
			);
			defaultConfigurationIsVisible = 0;
			defaultConfigurationName = Release;
		};
		CE7F70742C9CD7C800FA16DB /* Build configuration list for PBXNativeTarget "SocialLinkupUITests" */ = {
			isa = XCConfigurationList;
			buildConfigurations = (
				CE7F70752C9CD7C800FA16DB /* Debug */,
				CE7F70762C9CD7C800FA16DB /* Release */,
			);
			defaultConfigurationIsVisible = 0;
			defaultConfigurationName = Release;
		};
/* End XCConfigurationList section */

/* Begin XCRemoteSwiftPackageReference section */
		CEE8D1FA2CA1DE7500338740 /* XCRemoteSwiftPackageReference "firebase-ios-sdk" */ = {
			isa = XCRemoteSwiftPackageReference;
			repositoryURL = "https://github.com/firebase/firebase-ios-sdk";
			requirement = {
				kind = upToNextMajorVersion;
				minimumVersion = 11.2.0;
			};
		};
/* End XCRemoteSwiftPackageReference section */

/* Begin XCSwiftPackageProductDependency section */
		CEE8D1FB2CA1DE7500338740 /* FirebaseAnalytics */ = {
			isa = XCSwiftPackageProductDependency;
			package = CEE8D1FA2CA1DE7500338740 /* XCRemoteSwiftPackageReference "firebase-ios-sdk" */;
			productName = FirebaseAnalytics;
		};
		CEE8D1FF2CA1E68E00338740 /* FirebaseAuth */ = {
			isa = XCSwiftPackageProductDependency;
			package = CEE8D1FA2CA1DE7500338740 /* XCRemoteSwiftPackageReference "firebase-ios-sdk" */;
			productName = FirebaseAuth;
		};
		CEE8D2012CA1E68E00338740 /* FirebaseFirestore */ = {
			isa = XCSwiftPackageProductDependency;
			package = CEE8D1FA2CA1DE7500338740 /* XCRemoteSwiftPackageReference "firebase-ios-sdk" */;
			productName = FirebaseFirestore;
		};
/* End XCSwiftPackageProductDependency section */
	};
	rootObject = CE7F70402C9CD7C600FA16DB /* Project object */;
}
